{
  "lockfile_version": "1",
  "packages": {
    "go@latest": {
      "last_modified": "2024-07-07T16:08:25Z",
      "resolved": "github:NixOS/nixpkgs/ab82a9612aa45284d4adf69ee81871a389669a9e#go",
      "source": "devbox-search",
      "version": "1.22.5",
      "systems": {
        "aarch64-darwin": {
          "outputs": [
            {
              "name": "out",
              "path": "/nix/store/05saqcgidraqmn4z82prsp7rbj9hjmwm-go-1.22.5",
              "default": true
            }
          ],
          "store_path": "/nix/store/05saqcgidraqmn4z82prsp7rbj9hjmwm-go-1.22.5"
        },
        "aarch64-linux": {
          "outputs": [
            {
              "name": "out",
              "path": "/nix/store/b97bbxn6kpysysxb8nxn4k39ffxmp4p6-go-1.22.5",
              "default": true
            }
          ],
          "store_path": "/nix/store/b97bbxn6kpysysxb8nxn4k39ffxmp4p6-go-1.22.5"
        },
        "x86_64-darwin": {
          "outputs": [
            {
              "name": "out",
              "path": "/nix/store/gdyii59c48s4a8q6w584ccgm95qls3lh-go-1.22.5",
              "default": true
            }
          ],
          "store_path": "/nix/store/gdyii59c48s4a8q6w584ccgm95qls3lh-go-1.22.5"
        },
        "x86_64-linux": {
          "outputs": [
            {
              "name": "out",
              "path": "/nix/store/3v17dij8rvg7q99009swxg52995r7s22-go-1.22.5",
              "default": true
            }
          ],
          "store_path": "/nix/store/3v17dij8rvg7q99009swxg52995r7s22-go-1.22.5"
        }
      }
    },
    "gopls@latest": {
      "last_modified": "2024-07-07T16:08:25Z",
      "resolved": "github:NixOS/nixpkgs/ab82a9612aa45284d4adf69ee81871a389669a9e#gopls",
      "source": "devbox-search",
      "version": "0.16.1",
      "systems": {
        "aarch64-darwin": {
          "outputs": [
            {
              "name": "out",
              "path": "/nix/store/b0xw04qyra8zza42a6najw8ahkvm6ny1-gopls-0.16.1",
              "default": true
            }
          ],
          "store_path": "/nix/store/b0xw04qyra8zza42a6najw8ahkvm6ny1-gopls-0.16.1"
        },
        "aarch64-linux": {
          "outputs": [
            {
              "name": "out",
              "path": "/nix/store/bbrnp6x8ab4fvhymswara9kxd7mwi2m7-gopls-0.16.1",
              "default": true
            }
          ],
          "store_path": "/nix/store/bbrnp6x8ab4fvhymswara9kxd7mwi2m7-gopls-0.16.1"
        },
        "x86_64-darwin": {
          "outputs": [
            {
              "name": "out",
              "path": "/nix/store/9d4rinba418p7j6gd3g50b5dhvcz7vla-gopls-0.16.1",
              "default": true
            }
          ],
          "store_path": "/nix/store/9d4rinba418p7j6gd3g50b5dhvcz7vla-gopls-0.16.1"
        },
        "x86_64-linux": {
          "outputs": [
            {
              "name": "out",
              "path": "/nix/store/1hnpwxi7g6y44x7i04yb7ap4ibqvqm5m-gopls-0.16.1",
              "default": true
            }
          ],
          "store_path": "/nix/store/1hnpwxi7g6y44x7i04yb7ap4ibqvqm5m-gopls-0.16.1"
        }
      }
    },
    "ruby@3.3.1": {
      "last_modified": "2024-05-22T06:18:38Z",
      "plugin_version": "0.0.2",
      "resolved": "github:NixOS/nixpkgs/3f316d2a50699a78afe5e77ca486ad553169061e#ruby_3_3",
      "source": "devbox-search",
      "version": "3.3.1",
      "systems": {
        "aarch64-darwin": {
          "outputs": [
            {
              "name": "out",
              "path": "/nix/store/pkp3jxxrv5k2q30d7dlrhi3iavf7yx30-ruby-3.3.1",
              "default": true
            },
            {
              "name": "devdoc",
              "path": "/nix/store/kd1jzkciy029zvr9z93flqvj5jv3p4fg-ruby-3.3.1-devdoc"
            }
          ],
          "store_path": "/nix/store/pkp3jxxrv5k2q30d7dlrhi3iavf7yx30-ruby-3.3.1"
        },
        "aarch64-linux": {
          "outputs": [
            {
              "name": "out",
              "path": "/nix/store/nz9ad6vkijjqb4a472d9wdsnr2v8zpzk-ruby-3.3.1",
              "default": true
            },
            {
              "name": "devdoc",
              "path": "/nix/store/fdg456ic2642jzhrc2xx77930xw2zml0-ruby-3.3.1-devdoc"
            }
          ],
          "store_path": "/nix/store/nz9ad6vkijjqb4a472d9wdsnr2v8zpzk-ruby-3.3.1"
        },
        "x86_64-darwin": {
          "outputs": [
            {
              "name": "out",
              "path": "/nix/store/52f08h8gxjd0i0kf321ka6iyyfv17cyw-ruby-3.3.1",
              "default": true
            },
            {
              "name": "devdoc",
              "path": "/nix/store/bj3s7wngp91256scm3x6x7jivncgynrx-ruby-3.3.1-devdoc"
            }
          ],
          "store_path": "/nix/store/52f08h8gxjd0i0kf321ka6iyyfv17cyw-ruby-3.3.1"
        },
        "x86_64-linux": {
          "outputs": [
            {
              "name": "out",
              "path": "/nix/store/nwbbnrwrzhk552p11lcxkxjfxi7z69sx-ruby-3.3.1",
              "default": true
            },
            {
              "name": "devdoc",
              "path": "/nix/store/iqrnl5h2rfczsrkiqpskg9m86r5l51gl-ruby-3.3.1-devdoc"
            }
          ],
          "store_path": "/nix/store/nwbbnrwrzhk552p11lcxkxjfxi7z69sx-ruby-3.3.1"
        }
      }
    },
    "rubyPackages_3_3.solargraph@0.49.0": {
      "last_modified": "2023-12-18T02:58:18Z",
      "resolved": "github:NixOS/nixpkgs/ca16221251951e9c6261a1a2bb4f9389038d3632#rubyPackages_3_3.solargraph",
      "source": "devbox-search",
      "version": "0.49.0",
      "systems": {
        "aarch64-darwin": {
          "outputs": [
            {
              "name": "out",
              "path": "/nix/store/gbfdvs9wvkn8jj1s6fsj07vab4ibjnss-ruby3.3.0-rc1-solargraph-0.49.0",
              "default": true
            }
          ],
          "store_path": "/nix/store/gbfdvs9wvkn8jj1s6fsj07vab4ibjnss-ruby3.3.0-rc1-solargraph-0.49.0"
        },
        "aarch64-linux": {
          "outputs": [
            {
              "name": "out",
              "path": "/nix/store/0bw9c79a2lzk3ch06jvj845niq67byqd-ruby3.3.0-rc1-solargraph-0.49.0",
              "default": true
            }
          ],
          "store_path": "/nix/store/0bw9c79a2lzk3ch06jvj845niq67byqd-ruby3.3.0-rc1-solargraph-0.49.0"
        },
        "x86_64-darwin": {
          "outputs": [
            {
              "name": "out",
              "path": "/nix/store/vk8hmsd19w65cg972wrsav9m02yf290x-ruby3.3.0-rc1-solargraph-0.49.0",
              "default": true
            }
          ],
          "store_path": "/nix/store/vk8hmsd19w65cg972wrsav9m02yf290x-ruby3.3.0-rc1-solargraph-0.49.0"
        },
        "x86_64-linux": {
          "outputs": [
            {
              "name": "out",
              "path": "/nix/store/i7xpm6axx7zxqrlbxh8l682c7n5yk94y-ruby3.3.0-rc1-solargraph-0.49.0",
              "default": true
            }
          ],
          "store_path": "/nix/store/i7xpm6axx7zxqrlbxh8l682c7n5yk94y-ruby3.3.0-rc1-solargraph-0.49.0"
        }
      }
    }
  }
}
